
Microsoft Visual Studio Solution File, Format Version 12.00
# Visual Studio Version 17
VisualStudioVersion = 17.7.34221.43
MinimumVisualStudioVersion = 10.0.40219.1
Project("{FAE04EC0-301F-11D3-BF4B-00C04F79EFBC}") = "WinForm1", "WinForm1\WinForm1.csproj", "{93FAFEE1-E9B9-480E-8B77-F06DF70A2ED1}"
EndProject
Global
	GlobalSection(SolutionConfigurationPlatforms) = preSolution
		Debug|Any CPU = Debug|Any CPU
		Release|Any CPU = Release|Any CPU
	EndGlobalSection
	GlobalSection(ProjectConfigurationPlatforms) = postSolution
		{93FAFEE1-E9B9-480E-8B77-F06DF70A2ED1}.Debug|Any CPU.ActiveCfg = Debug|Any CPU
		{93FAFEE1-E9B9-480E-8B77-F06DF70A2ED1}.Debug|Any CPU.Build.0 = Debug|Any CPU
		{93FAFEE1-E9B9-480E-8B77-F06DF70A2ED1}.Release|Any CPU.ActiveCfg = Release|Any CPU
		{93FAFEE1-E9B9-480E-8B77-F06DF70A2ED1}.Release|Any CPU.Build.0 = Release|Any CPU
	EndGlobalSection
	GlobalSection(SolutionProperties) = preSolution
		HideSolutionNode = FALSE
	EndGlobalSection
	GlobalSection(ExtensibilityGlobals) = postSolution
		SolutionGuid = {9C1A124E-2359-40B5-A729-CFDE66875FF7}
	EndGlobalSection
EndGlobal
